
Microsoft Visual Studio Solution File, Format Version 12.00
# Visual Studio Version 16
VisualStudioVersion = 16.0.29613.14
MinimumVisualStudioVersion = 10.0.40219.1
Project("{FAE04EC0-301F-11D3-BF4B-00C04F79EFBC}") = "01_KCafe", "01_KCafe\01_KCafe.csproj", "{5F4EF938-643D-49FB-95F8-425E268A2B8F}"
EndProject
Project("{FAE04EC0-301F-11D3-BF4B-00C04F79EFBC}") = "01_KCafe_Tests", "01_KCafe_Tests\01_KCafe_Tests.csproj", "{42DD0487-6CDD-4FAF-8B58-98CC4F565198}"
EndProject
Project("{FAE04EC0-301F-11D3-BF4B-00C04F79EFBC}") = "01_Menu_Repository_ConcoleUI", "Menu_Repository_ConcoleUI\01_Menu_Repository_ConcoleUI.csproj", "{73100E12-A5DC-4FB5-BDBA-89B40D906287}"
EndProject
Project("{FAE04EC0-301F-11D3-BF4B-00C04F79EFBC}") = "02_Claims", "ClaimsClass\02_Claims.csproj", "{A6AB3814-BE0D-4C68-9CD6-99DB4EF1E225}"
EndProject
Project("{FAE04EC0-301F-11D3-BF4B-00C04F79EFBC}") = "02_Claims_Tests", "02_Claims_Tests\02_Claims_Tests.csproj", "{CEA61C19-276B-473A-91F3-B913B695E7A2}"
EndProject
Project("{FAE04EC0-301F-11D3-BF4B-00C04F79EFBC}") = "02_Claim_Repository_ConsoleUI", "02_Claim_Repository_ConsoleUI\02_Claim_Repository_ConsoleUI.csproj", "{070FDD93-AD4D-478C-B95C-4FECF463B9BF}"
EndProject
Project("{FAE04EC0-301F-11D3-BF4B-00C04F79EFBC}") = "03_Badges", "03_Badges\03_Badges.csproj", "{B1BE3383-1F93-47AA-B6FE-9C301709AB61}"
EndProject
Project("{FAE04EC0-301F-11D3-BF4B-00C04F79EFBC}") = "03_Badge_Repository_Tests", "03_Badge_Repository_Tests\03_Badge_Repository_Tests.csproj", "{FD2A316F-89F6-4DFE-8CB6-72F2A0DCD660}"
EndProject
Project("{FAE04EC0-301F-11D3-BF4B-00C04F79EFBC}") = "Badge_Repository_ConsoleUI", "Badge_Repository_ConsoleUI\Badge_Repository_ConsoleUI.csproj", "{6D3544BC-44A9-4ED2-BC81-92680595F959}"
EndProject
Global
	GlobalSection(SolutionConfigurationPlatforms) = preSolution
		Debug|Any CPU = Debug|Any CPU
		Release|Any CPU = Release|Any CPU
	EndGlobalSection
	GlobalSection(ProjectConfigurationPlatforms) = postSolution
		{5F4EF938-643D-49FB-95F8-425E268A2B8F}.Debug|Any CPU.ActiveCfg = Debug|Any CPU
		{5F4EF938-643D-49FB-95F8-425E268A2B8F}.Debug|Any CPU.Build.0 = Debug|Any CPU
		{5F4EF938-643D-49FB-95F8-425E268A2B8F}.Release|Any CPU.ActiveCfg = Release|Any CPU
		{5F4EF938-643D-49FB-95F8-425E268A2B8F}.Release|Any CPU.Build.0 = Release|Any CPU
		{42DD0487-6CDD-4FAF-8B58-98CC4F565198}.Debug|Any CPU.ActiveCfg = Debug|Any CPU
		{42DD0487-6CDD-4FAF-8B58-98CC4F565198}.Debug|Any CPU.Build.0 = Debug|Any CPU
		{42DD0487-6CDD-4FAF-8B58-98CC4F565198}.Release|Any CPU.ActiveCfg = Release|Any CPU
		{42DD0487-6CDD-4FAF-8B58-98CC4F565198}.Release|Any CPU.Build.0 = Release|Any CPU
		{73100E12-A5DC-4FB5-BDBA-89B40D906287}.Debug|Any CPU.ActiveCfg = Debug|Any CPU
		{73100E12-A5DC-4FB5-BDBA-89B40D906287}.Debug|Any CPU.Build.0 = Debug|Any CPU
		{73100E12-A5DC-4FB5-BDBA-89B40D906287}.Release|Any CPU.ActiveCfg = Release|Any CPU
		{73100E12-A5DC-4FB5-BDBA-89B40D906287}.Release|Any CPU.Build.0 = Release|Any CPU
		{A6AB3814-BE0D-4C68-9CD6-99DB4EF1E225}.Debug|Any CPU.ActiveCfg = Debug|Any CPU
		{A6AB3814-BE0D-4C68-9CD6-99DB4EF1E225}.Debug|Any CPU.Build.0 = Debug|Any CPU
		{A6AB3814-BE0D-4C68-9CD6-99DB4EF1E225}.Release|Any CPU.ActiveCfg = Release|Any CPU
		{A6AB3814-BE0D-4C68-9CD6-99DB4EF1E225}.Release|Any CPU.Build.0 = Release|Any CPU
		{CEA61C19-276B-473A-91F3-B913B695E7A2}.Debug|Any CPU.ActiveCfg = Debug|Any CPU
		{CEA61C19-276B-473A-91F3-B913B695E7A2}.Debug|Any CPU.Build.0 = Debug|Any CPU
		{CEA61C19-276B-473A-91F3-B913B695E7A2}.Release|Any CPU.ActiveCfg = Release|Any CPU
		{CEA61C19-276B-473A-91F3-B913B695E7A2}.Release|Any CPU.Build.0 = Release|Any CPU
		{070FDD93-AD4D-478C-B95C-4FECF463B9BF}.Debug|Any CPU.ActiveCfg = Debug|Any CPU
		{070FDD93-AD4D-478C-B95C-4FECF463B9BF}.Debug|Any CPU.Build.0 = Debug|Any CPU
		{070FDD93-AD4D-478C-B95C-4FECF463B9BF}.Release|Any CPU.ActiveCfg = Release|Any CPU
		{070FDD93-AD4D-478C-B95C-4FECF463B9BF}.Release|Any CPU.Build.0 = Release|Any CPU
		{B1BE3383-1F93-47AA-B6FE-9C301709AB61}.Debug|Any CPU.ActiveCfg = Debug|Any CPU
		{B1BE3383-1F93-47AA-B6FE-9C301709AB61}.Debug|Any CPU.Build.0 = Debug|Any CPU
		{B1BE3383-1F93-47AA-B6FE-9C301709AB61}.Release|Any CPU.ActiveCfg = Release|Any CPU
		{B1BE3383-1F93-47AA-B6FE-9C301709AB61}.Release|Any CPU.Build.0 = Release|Any CPU
		{FD2A316F-89F6-4DFE-8CB6-72F2A0DCD660}.Debug|Any CPU.ActiveCfg = Debug|Any CPU
		{FD2A316F-89F6-4DFE-8CB6-72F2A0DCD660}.Debug|Any CPU.Build.0 = Debug|Any CPU
		{FD2A316F-89F6-4DFE-8CB6-72F2A0DCD660}.Release|Any CPU.ActiveCfg = Release|Any CPU
		{FD2A316F-89F6-4DFE-8CB6-72F2A0DCD660}.Release|Any CPU.Build.0 = Release|Any CPU
		{6D3544BC-44A9-4ED2-BC81-92680595F959}.Debug|Any CPU.ActiveCfg = Debug|Any CPU
		{6D3544BC-44A9-4ED2-BC81-92680595F959}.Debug|Any CPU.Build.0 = Debug|Any CPU
		{6D3544BC-44A9-4ED2-BC81-92680595F959}.Release|Any CPU.ActiveCfg = Release|Any CPU
		{6D3544BC-44A9-4ED2-BC81-92680595F959}.Release|Any CPU.Build.0 = Release|Any CPU
	EndGlobalSection
	GlobalSection(SolutionProperties) = preSolution
		HideSolutionNode = FALSE
	EndGlobalSection
	GlobalSection(ExtensibilityGlobals) = postSolution
		SolutionGuid = {8FAB20B4-37E8-4ECE-BBF1-2B4E71A79256}
	EndGlobalSection
EndGlobal
